
Microsoft Visual Studio Solution File, Format Version 12.00
# Visual Studio Version 17
VisualStudioVersion = 17.1.32210.238
MinimumVisualStudioVersion = 10.0.40219.1
Project("{8BC9CEB8-8B4A-11D0-8D11-00A0C91BC942}") = "ForwardList", "ForwardList\ForwardList.vcxproj", "{A9881786-9FEE-4399-A95D-A9EB954E9419}"
EndProject
Project("{8BC9CEB8-8B4A-11D0-8D11-00A0C91BC942}") = "ForwardList1", "ForwardList1\ForwardList1.vcxproj", "{021DAA4F-C38F-48BA-83B3-8A23ED437D9F}"
EndProject
Project("{8BC9CEB8-8B4A-11D0-8D11-00A0C91BC942}") = "List2", "List2\List2.vcxproj", "{7EC0B5FB-0AEB-4A7D-B2C2-06618A166361}"
EndProject
Project("{8BC9CEB8-8B4A-11D0-8D11-00A0C91BC942}") = "Exceptions", "Exceptions\Exceptions.vcxproj", "{91623904-F685-4AD7-B132-14AB46D23F1B}"
EndProject
Project("{8BC9CEB8-8B4A-11D0-8D11-00A0C91BC942}") = "Pointers", "Pointers\Pointers.vcxproj", "{2AE739B1-7848-49C5-BE20-601E17E8AC41}"
EndProject
Project("{8BC9CEB8-8B4A-11D0-8D11-00A0C91BC942}") = "BinaryTree", "BinaryTree\BinaryTree.vcxproj", "{62ACE3E1-DBF3-4F6D-9381-04F8F5CF862F}"
EndProject
Project("{8BC9CEB8-8B4A-11D0-8D11-00A0C91BC942}") = "STL", "STL\STL.vcxproj", "{299309F8-A854-4095-8C56-3C70ECDE69A3}"
EndProject
Global
	GlobalSection(SolutionConfigurationPlatforms) = preSolution
		Debug|x64 = Debug|x64
		Debug|x86 = Debug|x86
		Release|x64 = Release|x64
		Release|x86 = Release|x86
	EndGlobalSection
	GlobalSection(ProjectConfigurationPlatforms) = postSolution
		{A9881786-9FEE-4399-A95D-A9EB954E9419}.Debug|x64.ActiveCfg = Debug|x64
		{A9881786-9FEE-4399-A95D-A9EB954E9419}.Debug|x64.Build.0 = Debug|x64
		{A9881786-9FEE-4399-A95D-A9EB954E9419}.Debug|x86.ActiveCfg = Debug|Win32
		{A9881786-9FEE-4399-A95D-A9EB954E9419}.Debug|x86.Build.0 = Debug|Win32
		{A9881786-9FEE-4399-A95D-A9EB954E9419}.Release|x64.ActiveCfg = Release|x64
		{A9881786-9FEE-4399-A95D-A9EB954E9419}.Release|x64.Build.0 = Release|x64
		{A9881786-9FEE-4399-A95D-A9EB954E9419}.Release|x86.ActiveCfg = Release|Win32
		{A9881786-9FEE-4399-A95D-A9EB954E9419}.Release|x86.Build.0 = Release|Win32
		{021DAA4F-C38F-48BA-83B3-8A23ED437D9F}.Debug|x64.ActiveCfg = Debug|x64
		{021DAA4F-C38F-48BA-83B3-8A23ED437D9F}.Debug|x64.Build.0 = Debug|x64
		{021DAA4F-C38F-48BA-83B3-8A23ED437D9F}.Debug|x86.ActiveCfg = Debug|Win32
		{021DAA4F-C38F-48BA-83B3-8A23ED437D9F}.Debug|x86.Build.0 = Debug|Win32
		{021DAA4F-C38F-48BA-83B3-8A23ED437D9F}.Release|x64.ActiveCfg = Release|x64
		{021DAA4F-C38F-48BA-83B3-8A23ED437D9F}.Release|x64.Build.0 = Release|x64
		{021DAA4F-C38F-48BA-83B3-8A23ED437D9F}.Release|x86.ActiveCfg = Release|Win32
		{021DAA4F-C38F-48BA-83B3-8A23ED437D9F}.Release|x86.Build.0 = Release|Win32
		{7EC0B5FB-0AEB-4A7D-B2C2-06618A166361}.Debug|x64.ActiveCfg = Debug|x64
		{7EC0B5FB-0AEB-4A7D-B2C2-06618A166361}.Debug|x64.Build.0 = Debug|x64
		{7EC0B5FB-0AEB-4A7D-B2C2-06618A166361}.Debug|x86.ActiveCfg = Debug|Win32
		{7EC0B5FB-0AEB-4A7D-B2C2-06618A166361}.Debug|x86.Build.0 = Debug|Win32
		{7EC0B5FB-0AEB-4A7D-B2C2-06618A166361}.Release|x64.ActiveCfg = Release|x64
		{7EC0B5FB-0AEB-4A7D-B2C2-06618A166361}.Release|x64.Build.0 = Release|x64
		{7EC0B5FB-0AEB-4A7D-B2C2-06618A166361}.Release|x86.ActiveCfg = Release|Win32
		{7EC0B5FB-0AEB-4A7D-B2C2-06618A166361}.Release|x86.Build.0 = Release|Win32
		{91623904-F685-4AD7-B132-14AB46D23F1B}.Debug|x64.ActiveCfg = Debug|x64
		{91623904-F685-4AD7-B132-14AB46D23F1B}.Debug|x64.Build.0 = Debug|x64
		{91623904-F685-4AD7-B132-14AB46D23F1B}.Debug|x86.ActiveCfg = Debug|Win32
		{91623904-F685-4AD7-B132-14AB46D23F1B}.Debug|x86.Build.0 = Debug|Win32
		{91623904-F685-4AD7-B132-14AB46D23F1B}.Release|x64.ActiveCfg = Release|x64
		{91623904-F685-4AD7-B132-14AB46D23F1B}.Release|x64.Build.0 = Release|x64
		{91623904-F685-4AD7-B132-14AB46D23F1B}.Release|x86.ActiveCfg = Release|Win32
		{91623904-F685-4AD7-B132-14AB46D23F1B}.Release|x86.Build.0 = Release|Win32
		{2AE739B1-7848-49C5-BE20-601E17E8AC41}.Debug|x64.ActiveCfg = Debug|x64
		{2AE739B1-7848-49C5-BE20-601E17E8AC41}.Debug|x64.Build.0 = Debug|x64
		{2AE739B1-7848-49C5-BE20-601E17E8AC41}.Debug|x86.ActiveCfg = Debug|Win32
		{2AE739B1-7848-49C5-BE20-601E17E8AC41}.Debug|x86.Build.0 = Debug|Win32
		{2AE739B1-7848-49C5-BE20-601E17E8AC41}.Release|x64.ActiveCfg = Release|x64
		{2AE739B1-7848-49C5-BE20-601E17E8AC41}.Release|x64.Build.0 = Release|x64
		{2AE739B1-7848-49C5-BE20-601E17E8AC41}.Release|x86.ActiveCfg = Release|Win32
		{2AE739B1-7848-49C5-BE20-601E17E8AC41}.Release|x86.Build.0 = Release|Win32
		{62ACE3E1-DBF3-4F6D-9381-04F8F5CF862F}.Debug|x64.ActiveCfg = Debug|x64
		{62ACE3E1-DBF3-4F6D-9381-04F8F5CF862F}.Debug|x64.Build.0 = Debug|x64
		{62ACE3E1-DBF3-4F6D-9381-04F8F5CF862F}.Debug|x86.ActiveCfg = Debug|Win32
		{62ACE3E1-DBF3-4F6D-9381-04F8F5CF862F}.Debug|x86.Build.0 = Debug|Win32
		{62ACE3E1-DBF3-4F6D-9381-04F8F5CF862F}.Release|x64.ActiveCfg = Release|x64
		{62ACE3E1-DBF3-4F6D-9381-04F8F5CF862F}.Release|x64.Build.0 = Release|x64
		{62ACE3E1-DBF3-4F6D-9381-04F8F5CF862F}.Release|x86.ActiveCfg = Release|Win32
		{62ACE3E1-DBF3-4F6D-9381-04F8F5CF862F}.Release|x86.Build.0 = Release|Win32
		{299309F8-A854-4095-8C56-3C70ECDE69A3}.Debug|x64.ActiveCfg = Debug|x64
		{299309F8-A854-4095-8C56-3C70ECDE69A3}.Debug|x64.Build.0 = Debug|x64
		{299309F8-A854-4095-8C56-3C70ECDE69A3}.Debug|x86.ActiveCfg = Debug|Win32
		{299309F8-A854-4095-8C56-3C70ECDE69A3}.Debug|x86.Build.0 = Debug|Win32
		{299309F8-A854-4095-8C56-3C70ECDE69A3}.Release|x64.ActiveCfg = Release|x64
		{299309F8-A854-4095-8C56-3C70ECDE69A3}.Release|x64.Build.0 = Release|x64
		{299309F8-A854-4095-8C56-3C70ECDE69A3}.Release|x86.ActiveCfg = Release|Win32
		{299309F8-A854-4095-8C56-3C70ECDE69A3}.Release|x86.Build.0 = Release|Win32
	EndGlobalSection
	GlobalSection(SolutionProperties) = preSolution
		HideSolutionNode = FALSE
	EndGlobalSection
	GlobalSection(ExtensibilityGlobals) = postSolution
		SolutionGuid = {3CF6BFB9-4CC6-4D83-866B-5B810BC88E35}
	EndGlobalSection
EndGlobal
